
Microsoft Visual Studio Solution File, Format Version 12.00
# Visual Studio Version 17
VisualStudioVersion = 17.4.33403.182
MinimumVisualStudioVersion = 10.0.40219.1
Project("{FAE04EC0-301F-11D3-BF4B-00C04F79EFBC}") = "WindowsFormsApp1", "WindowsFormsApp1\WindowsFormsApp1.csproj", "{599B276A-0A03-431B-B2A8-1B98A8AD5B84}"
EndProject
Global
	GlobalSection(SolutionConfigurationPlatforms) = preSolution
		Debug|Any CPU = Debug|Any CPU
		Release|Any CPU = Release|Any CPU
	EndGlobalSection
	GlobalSection(ProjectConfigurationPlatforms) = postSolution
		{599B276A-0A03-431B-B2A8-1B98A8AD5B84}.Debug|Any CPU.ActiveCfg = Debug|Any CPU
		{599B276A-0A03-431B-B2A8-1B98A8AD5B84}.Debug|Any CPU.Build.0 = Debug|Any CPU
		{599B276A-0A03-431B-B2A8-1B98A8AD5B84}.Release|Any CPU.ActiveCfg = Release|Any CPU
		{599B276A-0A03-431B-B2A8-1B98A8AD5B84}.Release|Any CPU.Build.0 = Release|Any CPU
	EndGlobalSection
	GlobalSection(SolutionProperties) = preSolution
		HideSolutionNode = FALSE
	EndGlobalSection
	GlobalSection(ExtensibilityGlobals) = postSolution
		SolutionGuid = {E751B7AC-B92D-4389-BCD8-6102892F685F}
	EndGlobalSection
EndGlobal
